
Microsoft Visual Studio Solution File, Format Version 12.00
# Visual Studio Version 17
VisualStudioVersion = 17.5.33516.290
MinimumVisualStudioVersion = 10.0.40219.1
Project("{FAE04EC0-301F-11D3-BF4B-00C04F79EFBC}") = "IBinary", "SimpleCalculator\IBinary.csproj", "{0755DDB9-42CC-46B5-87C9-3D19A97C50A3}"
EndProject
Project("{FAE04EC0-301F-11D3-BF4B-00C04F79EFBC}") = "IBinaryClient", "CalculatorClient\IBinaryClient.csproj", "{1D6A3751-2A6D-4462-B525-CC96E1602D14}"
EndProject
Project("{FAE04EC0-301F-11D3-BF4B-00C04F79EFBC}") = "IUnary", "IUnary\IUnary.csproj", "{69736423-8D05-4E18-9E73-8AAC171000C8}"
EndProject
Project("{FAE04EC0-301F-11D3-BF4B-00C04F79EFBC}") = "IUnaryClient", "IUnaryClient\IUnaryClient.csproj", "{AE8F9F40-C192-4BA5-9332-5CFA32A8824B}"
EndProject
Project("{FAE04EC0-301F-11D3-BF4B-00C04F79EFBC}") = "Logging", "Logging\Logging.csproj", "{F5298353-C1DC-4FD3-967B-D9CBC36341DC}"
EndProject
Project("{FAE04EC0-301F-11D3-BF4B-00C04F79EFBC}") = "LogClient", "LogClient\LogClient.csproj", "{1EECA414-3C9D-4A1A-87F6-E7E2527918A7}"
EndProject
Global
	GlobalSection(SolutionConfigurationPlatforms) = preSolution
		Debug|Any CPU = Debug|Any CPU
		Release|Any CPU = Release|Any CPU
	EndGlobalSection
	GlobalSection(ProjectConfigurationPlatforms) = postSolution
		{0755DDB9-42CC-46B5-87C9-3D19A97C50A3}.Debug|Any CPU.ActiveCfg = Debug|Any CPU
		{0755DDB9-42CC-46B5-87C9-3D19A97C50A3}.Debug|Any CPU.Build.0 = Debug|Any CPU
		{0755DDB9-42CC-46B5-87C9-3D19A97C50A3}.Release|Any CPU.ActiveCfg = Release|Any CPU
		{0755DDB9-42CC-46B5-87C9-3D19A97C50A3}.Release|Any CPU.Build.0 = Release|Any CPU
		{1D6A3751-2A6D-4462-B525-CC96E1602D14}.Debug|Any CPU.ActiveCfg = Debug|Any CPU
		{1D6A3751-2A6D-4462-B525-CC96E1602D14}.Debug|Any CPU.Build.0 = Debug|Any CPU
		{1D6A3751-2A6D-4462-B525-CC96E1602D14}.Release|Any CPU.ActiveCfg = Release|Any CPU
		{1D6A3751-2A6D-4462-B525-CC96E1602D14}.Release|Any CPU.Build.0 = Release|Any CPU
		{69736423-8D05-4E18-9E73-8AAC171000C8}.Debug|Any CPU.ActiveCfg = Debug|Any CPU
		{69736423-8D05-4E18-9E73-8AAC171000C8}.Debug|Any CPU.Build.0 = Debug|Any CPU
		{69736423-8D05-4E18-9E73-8AAC171000C8}.Release|Any CPU.ActiveCfg = Release|Any CPU
		{69736423-8D05-4E18-9E73-8AAC171000C8}.Release|Any CPU.Build.0 = Release|Any CPU
		{AE8F9F40-C192-4BA5-9332-5CFA32A8824B}.Debug|Any CPU.ActiveCfg = Debug|Any CPU
		{AE8F9F40-C192-4BA5-9332-5CFA32A8824B}.Debug|Any CPU.Build.0 = Debug|Any CPU
		{AE8F9F40-C192-4BA5-9332-5CFA32A8824B}.Release|Any CPU.ActiveCfg = Release|Any CPU
		{AE8F9F40-C192-4BA5-9332-5CFA32A8824B}.Release|Any CPU.Build.0 = Release|Any CPU
		{F5298353-C1DC-4FD3-967B-D9CBC36341DC}.Debug|Any CPU.ActiveCfg = Debug|Any CPU
		{F5298353-C1DC-4FD3-967B-D9CBC36341DC}.Debug|Any CPU.Build.0 = Debug|Any CPU
		{F5298353-C1DC-4FD3-967B-D9CBC36341DC}.Release|Any CPU.ActiveCfg = Release|Any CPU
		{F5298353-C1DC-4FD3-967B-D9CBC36341DC}.Release|Any CPU.Build.0 = Release|Any CPU
		{1EECA414-3C9D-4A1A-87F6-E7E2527918A7}.Debug|Any CPU.ActiveCfg = Debug|Any CPU
		{1EECA414-3C9D-4A1A-87F6-E7E2527918A7}.Debug|Any CPU.Build.0 = Debug|Any CPU
		{1EECA414-3C9D-4A1A-87F6-E7E2527918A7}.Release|Any CPU.ActiveCfg = Release|Any CPU
		{1EECA414-3C9D-4A1A-87F6-E7E2527918A7}.Release|Any CPU.Build.0 = Release|Any CPU
	EndGlobalSection
	GlobalSection(SolutionProperties) = preSolution
		HideSolutionNode = FALSE
	EndGlobalSection
	GlobalSection(ExtensibilityGlobals) = postSolution
		SolutionGuid = {21172DC8-0319-4846-9F06-586037B0CFC7}
	EndGlobalSection
EndGlobal
