
Microsoft Visual Studio Solution File, Format Version 12.00
# Visual Studio Version 17
VisualStudioVersion = 17.5.33516.290
MinimumVisualStudioVersion = 10.0.40219.1
Project("{FAE04EC0-301F-11D3-BF4B-00C04F79EFBC}") = "IUnary", "IUnary\IUnary.csproj", "{69736423-8D05-4E18-9E73-8AAC171000C8}"
EndProject
Project("{FAE04EC0-301F-11D3-BF4B-00C04F79EFBC}") = "Logging", "Logging\Logging.csproj", "{F5298353-C1DC-4FD3-967B-D9CBC36341DC}"
EndProject
Project("{FAE04EC0-301F-11D3-BF4B-00C04F79EFBC}") = "IBinary", "IBinary\IBinary.csproj", "{1838CBDA-F924-4AB5-BB63-AFD9F45CD009}"
EndProject
Project("{FAE04EC0-301F-11D3-BF4B-00C04F79EFBC}") = "UI", "UI\UI.csproj", "{04701C39-4CF4-4AFF-8C2D-D15AB261EE27}"
EndProject
Project("{FAE04EC0-301F-11D3-BF4B-00C04F79EFBC}") = "CalculatorThemes", "CalculatorThemes\CalculatorThemes.csproj", "{AD118B80-00D3-48B1-9921-EAA1FCAD3AE6}"
EndProject
Global
	GlobalSection(SolutionConfigurationPlatforms) = preSolution
		Debug|Any CPU = Debug|Any CPU
		Release|Any CPU = Release|Any CPU
	EndGlobalSection
	GlobalSection(ProjectConfigurationPlatforms) = postSolution
		{69736423-8D05-4E18-9E73-8AAC171000C8}.Debug|Any CPU.ActiveCfg = Debug|Any CPU
		{69736423-8D05-4E18-9E73-8AAC171000C8}.Debug|Any CPU.Build.0 = Debug|Any CPU
		{69736423-8D05-4E18-9E73-8AAC171000C8}.Release|Any CPU.ActiveCfg = Release|Any CPU
		{69736423-8D05-4E18-9E73-8AAC171000C8}.Release|Any CPU.Build.0 = Release|Any CPU
		{F5298353-C1DC-4FD3-967B-D9CBC36341DC}.Debug|Any CPU.ActiveCfg = Debug|Any CPU
		{F5298353-C1DC-4FD3-967B-D9CBC36341DC}.Debug|Any CPU.Build.0 = Debug|Any CPU
		{F5298353-C1DC-4FD3-967B-D9CBC36341DC}.Release|Any CPU.ActiveCfg = Release|Any CPU
		{F5298353-C1DC-4FD3-967B-D9CBC36341DC}.Release|Any CPU.Build.0 = Release|Any CPU
		{1838CBDA-F924-4AB5-BB63-AFD9F45CD009}.Debug|Any CPU.ActiveCfg = Debug|Any CPU
		{1838CBDA-F924-4AB5-BB63-AFD9F45CD009}.Debug|Any CPU.Build.0 = Debug|Any CPU
		{1838CBDA-F924-4AB5-BB63-AFD9F45CD009}.Release|Any CPU.ActiveCfg = Release|Any CPU
		{1838CBDA-F924-4AB5-BB63-AFD9F45CD009}.Release|Any CPU.Build.0 = Release|Any CPU
		{04701C39-4CF4-4AFF-8C2D-D15AB261EE27}.Debug|Any CPU.ActiveCfg = Debug|Any CPU
		{04701C39-4CF4-4AFF-8C2D-D15AB261EE27}.Debug|Any CPU.Build.0 = Debug|Any CPU
		{04701C39-4CF4-4AFF-8C2D-D15AB261EE27}.Release|Any CPU.ActiveCfg = Release|Any CPU
		{04701C39-4CF4-4AFF-8C2D-D15AB261EE27}.Release|Any CPU.Build.0 = Release|Any CPU
		{AD118B80-00D3-48B1-9921-EAA1FCAD3AE6}.Debug|Any CPU.ActiveCfg = Debug|Any CPU
		{AD118B80-00D3-48B1-9921-EAA1FCAD3AE6}.Debug|Any CPU.Build.0 = Debug|Any CPU
		{AD118B80-00D3-48B1-9921-EAA1FCAD3AE6}.Release|Any CPU.ActiveCfg = Release|Any CPU
		{AD118B80-00D3-48B1-9921-EAA1FCAD3AE6}.Release|Any CPU.Build.0 = Release|Any CPU
	EndGlobalSection
	GlobalSection(SolutionProperties) = preSolution
		HideSolutionNode = FALSE
	EndGlobalSection
	GlobalSection(ExtensibilityGlobals) = postSolution
		SolutionGuid = {21172DC8-0319-4846-9F06-586037B0CFC7}
	EndGlobalSection
EndGlobal
