
Microsoft Visual Studio Solution File, Format Version 12.00
# Visual Studio Version 17
VisualStudioVersion = 17.5.33516.290
MinimumVisualStudioVersion = 10.0.40219.1
Project("{FAE04EC0-301F-11D3-BF4B-00C04F79EFBC}") = "IUnary", "IUnary\IUnary.csproj", "{69736423-8D05-4E18-9E73-8AAC171000C8}"
EndProject
Project("{FAE04EC0-301F-11D3-BF4B-00C04F79EFBC}") = "IUnaryClient", "IUnaryClient\IUnaryClient.csproj", "{AE8F9F40-C192-4BA5-9332-5CFA32A8824B}"
EndProject
Project("{FAE04EC0-301F-11D3-BF4B-00C04F79EFBC}") = "Logging", "Logging\Logging.csproj", "{F5298353-C1DC-4FD3-967B-D9CBC36341DC}"
EndProject
Project("{FAE04EC0-301F-11D3-BF4B-00C04F79EFBC}") = "LogClient", "LogClient\LogClient.csproj", "{1EECA414-3C9D-4A1A-87F6-E7E2527918A7}"
EndProject
Project("{FAE04EC0-301F-11D3-BF4B-00C04F79EFBC}") = "IBinary", "IBinary\IBinary.csproj", "{1838CBDA-F924-4AB5-BB63-AFD9F45CD009}"
EndProject
Project("{FAE04EC0-301F-11D3-BF4B-00C04F79EFBC}") = "IBinaryClient", "IBinaryClient\IBinaryClient.csproj", "{C788EC0C-3ADD-4150-9D1D-26A53DA4F72C}"
EndProject
Global
	GlobalSection(SolutionConfigurationPlatforms) = preSolution
		Debug|Any CPU = Debug|Any CPU
		Release|Any CPU = Release|Any CPU
	EndGlobalSection
	GlobalSection(ProjectConfigurationPlatforms) = postSolution
		{69736423-8D05-4E18-9E73-8AAC171000C8}.Debug|Any CPU.ActiveCfg = Debug|Any CPU
		{69736423-8D05-4E18-9E73-8AAC171000C8}.Debug|Any CPU.Build.0 = Debug|Any CPU
		{69736423-8D05-4E18-9E73-8AAC171000C8}.Release|Any CPU.ActiveCfg = Release|Any CPU
		{69736423-8D05-4E18-9E73-8AAC171000C8}.Release|Any CPU.Build.0 = Release|Any CPU
		{AE8F9F40-C192-4BA5-9332-5CFA32A8824B}.Debug|Any CPU.ActiveCfg = Debug|Any CPU
		{AE8F9F40-C192-4BA5-9332-5CFA32A8824B}.Debug|Any CPU.Build.0 = Debug|Any CPU
		{AE8F9F40-C192-4BA5-9332-5CFA32A8824B}.Release|Any CPU.ActiveCfg = Release|Any CPU
		{AE8F9F40-C192-4BA5-9332-5CFA32A8824B}.Release|Any CPU.Build.0 = Release|Any CPU
		{F5298353-C1DC-4FD3-967B-D9CBC36341DC}.Debug|Any CPU.ActiveCfg = Debug|Any CPU
		{F5298353-C1DC-4FD3-967B-D9CBC36341DC}.Debug|Any CPU.Build.0 = Debug|Any CPU
		{F5298353-C1DC-4FD3-967B-D9CBC36341DC}.Release|Any CPU.ActiveCfg = Release|Any CPU
		{F5298353-C1DC-4FD3-967B-D9CBC36341DC}.Release|Any CPU.Build.0 = Release|Any CPU
		{1EECA414-3C9D-4A1A-87F6-E7E2527918A7}.Debug|Any CPU.ActiveCfg = Debug|Any CPU
		{1EECA414-3C9D-4A1A-87F6-E7E2527918A7}.Debug|Any CPU.Build.0 = Debug|Any CPU
		{1EECA414-3C9D-4A1A-87F6-E7E2527918A7}.Release|Any CPU.ActiveCfg = Release|Any CPU
		{1EECA414-3C9D-4A1A-87F6-E7E2527918A7}.Release|Any CPU.Build.0 = Release|Any CPU
		{1838CBDA-F924-4AB5-BB63-AFD9F45CD009}.Debug|Any CPU.ActiveCfg = Debug|Any CPU
		{1838CBDA-F924-4AB5-BB63-AFD9F45CD009}.Debug|Any CPU.Build.0 = Debug|Any CPU
		{1838CBDA-F924-4AB5-BB63-AFD9F45CD009}.Release|Any CPU.ActiveCfg = Release|Any CPU
		{1838CBDA-F924-4AB5-BB63-AFD9F45CD009}.Release|Any CPU.Build.0 = Release|Any CPU
		{C788EC0C-3ADD-4150-9D1D-26A53DA4F72C}.Debug|Any CPU.ActiveCfg = Debug|Any CPU
		{C788EC0C-3ADD-4150-9D1D-26A53DA4F72C}.Debug|Any CPU.Build.0 = Debug|Any CPU
		{C788EC0C-3ADD-4150-9D1D-26A53DA4F72C}.Release|Any CPU.ActiveCfg = Release|Any CPU
		{C788EC0C-3ADD-4150-9D1D-26A53DA4F72C}.Release|Any CPU.Build.0 = Release|Any CPU
	EndGlobalSection
	GlobalSection(SolutionProperties) = preSolution
		HideSolutionNode = FALSE
	EndGlobalSection
	GlobalSection(ExtensibilityGlobals) = postSolution
		SolutionGuid = {21172DC8-0319-4846-9F06-586037B0CFC7}
	EndGlobalSection
EndGlobal
